
Microsoft Visual Studio Solution File, Format Version 12.00
# Visual Studio Version 17
VisualStudioVersion = 17.0.31903.59
MinimumVisualStudioVersion = 10.0.40219.1
Project("{2150E333-8FDC-42A3-9474-1A3956D46DE8}") = "src", "src", "{9FA854D2-3D22-434E-897A-B709354DF83C}"
EndProject
Project("{2150E333-8FDC-42A3-9474-1A3956D46DE8}") = "Functions", "Functions", "{4446B705-DA93-4237-837F-A23DAF987CDB}"
EndProject
Project("{2150E333-8FDC-42A3-9474-1A3956D46DE8}") = "Applications", "Applications", "{B7C1A1CB-2AC7-4CE4-BF65-77CFF5C313E7}"
EndProject
Project("{2150E333-8FDC-42A3-9474-1A3956D46DE8}") = "ProductApi", "ProductApi", "{14805A54-0FF1-4F9E-BD22-BD3933F40DC8}"
EndProject
Project("{9A19103F-16F7-4668-BE54-9A1E7A4F7556}") = "AZGE.ProductApi.Domain", "src\Applications\ProductApi\AZGE.ProductApi.Domain\AZGE.ProductApi.Domain.csproj", "{6BE02112-E0E6-4278-8F5B-7DEF803BB385}"
EndProject
Project("{2150E333-8FDC-42A3-9474-1A3956D46DE8}") = "StockApi", "StockApi", "{0AFB3063-5198-43DC-A1BA-614D5168240A}"
EndProject
Project("{9A19103F-16F7-4668-BE54-9A1E7A4F7556}") = "AZGE.StockApi.Domain", "src\Applications\StockApi\AZGE.StockApi.Domain\AZGE.StockApi.Domain.csproj", "{ECEAD5E2-5FDC-4BB1-A629-78A3FBEC70CE}"
EndProject
Project("{9A19103F-16F7-4668-BE54-9A1E7A4F7556}") = "AZGE.ProductApi.Shared", "src\Applications\ProductApi\AZGE.ProductApi.Shared\AZGE.ProductApi.Shared.csproj", "{5F21F73B-64F5-4F8A-9133-7EF104AF644C}"
EndProject
Project("{9A19103F-16F7-4668-BE54-9A1E7A4F7556}") = "AZGE.ProductApi.Infrastructure", "src\Applications\ProductApi\AZGE.ProductApi.Infrastructure\AZGE.ProductApi.Infrastructure.csproj", "{669C28C3-3C9A-4263-8D02-05B93B8AA4F6}"
EndProject
Project("{9A19103F-16F7-4668-BE54-9A1E7A4F7556}") = "AZGE.ProductApi.Persistence", "src\Applications\ProductApi\AZGE.ProductApi.Persistence\AZGE.ProductApi.Persistence.csproj", "{8FFFA3FD-3B93-42EF-BEF7-01A81A5FC589}"
EndProject
Project("{9A19103F-16F7-4668-BE54-9A1E7A4F7556}") = "AZGE.ProductApi.Api", "src\Applications\ProductApi\AZGE.ProductApi.Api\AZGE.ProductApi.Api.csproj", "{A64DFD4C-124C-4AFB-978F-D43C48A11C14}"
EndProject
Project("{9A19103F-16F7-4668-BE54-9A1E7A4F7556}") = "AZGE.ProductApi.Services", "src\Applications\ProductApi\AZGE.ProductApi.Services\AZGE.ProductApi.Services.csproj", "{5F5E8ED9-1E85-42F5-9583-BB89DCA77579}"
EndProject
Project("{9A19103F-16F7-4668-BE54-9A1E7A4F7556}") = "AZGE.StockApi.Persistence", "src\Applications\StockApi\AZGE.StockApi.Persistence\AZGE.StockApi.Persistence.csproj", "{D657D10D-270C-49EC-A8C1-C00A650EF1EF}"
EndProject
Project("{9A19103F-16F7-4668-BE54-9A1E7A4F7556}") = "AZGE.StockApi.Api", "src\Applications\StockApi\AZGE.StockApi.Api\AZGE.StockApi.Api.csproj", "{1B616915-F36D-4D8C-9E48-558E5BDC44F1}"
EndProject
Project("{9A19103F-16F7-4668-BE54-9A1E7A4F7556}") = "AZGE.StockApi.Infrastructure", "src\Applications\StockApi\AZGE.StockApi.Infrastructure\AZGE.StockApi.Infrastructure.csproj", "{B59C3A6E-90DE-4EC1-8307-67FF6C6014D8}"
EndProject
Project("{9A19103F-16F7-4668-BE54-9A1E7A4F7556}") = "AZGE.StockApi.Shared", "src\Applications\StockApi\AZGE.StockApi.Shared\AZGE.StockApi.Shared.csproj", "{0250288A-02F0-4754-80FB-699AF9996240}"
EndProject
Project("{9A19103F-16F7-4668-BE54-9A1E7A4F7556}") = "AZGE.StockApi.Services", "src\Applications\StockApi\AZGE.StockApi.Services\AZGE.StockApi.Services.csproj", "{E872F769-BF51-4FB6-96BD-A7024F27BB37}"
EndProject
Global
	GlobalSection(SolutionConfigurationPlatforms) = preSolution
		Debug|Any CPU = Debug|Any CPU
		Debug|x64 = Debug|x64
		Debug|x86 = Debug|x86
		Release|Any CPU = Release|Any CPU
		Release|x64 = Release|x64
		Release|x86 = Release|x86
	EndGlobalSection
	GlobalSection(ProjectConfigurationPlatforms) = postSolution
		{6BE02112-E0E6-4278-8F5B-7DEF803BB385}.Debug|Any CPU.ActiveCfg = Debug|Any CPU
		{6BE02112-E0E6-4278-8F5B-7DEF803BB385}.Debug|Any CPU.Build.0 = Debug|Any CPU
		{6BE02112-E0E6-4278-8F5B-7DEF803BB385}.Debug|x64.ActiveCfg = Debug|Any CPU
		{6BE02112-E0E6-4278-8F5B-7DEF803BB385}.Debug|x64.Build.0 = Debug|Any CPU
		{6BE02112-E0E6-4278-8F5B-7DEF803BB385}.Debug|x86.ActiveCfg = Debug|Any CPU
		{6BE02112-E0E6-4278-8F5B-7DEF803BB385}.Debug|x86.Build.0 = Debug|Any CPU
		{6BE02112-E0E6-4278-8F5B-7DEF803BB385}.Release|Any CPU.ActiveCfg = Release|Any CPU
		{6BE02112-E0E6-4278-8F5B-7DEF803BB385}.Release|Any CPU.Build.0 = Release|Any CPU
		{6BE02112-E0E6-4278-8F5B-7DEF803BB385}.Release|x64.ActiveCfg = Release|Any CPU
		{6BE02112-E0E6-4278-8F5B-7DEF803BB385}.Release|x64.Build.0 = Release|Any CPU
		{6BE02112-E0E6-4278-8F5B-7DEF803BB385}.Release|x86.ActiveCfg = Release|Any CPU
		{6BE02112-E0E6-4278-8F5B-7DEF803BB385}.Release|x86.Build.0 = Release|Any CPU
		{ECEAD5E2-5FDC-4BB1-A629-78A3FBEC70CE}.Debug|Any CPU.ActiveCfg = Debug|Any CPU
		{ECEAD5E2-5FDC-4BB1-A629-78A3FBEC70CE}.Debug|Any CPU.Build.0 = Debug|Any CPU
		{ECEAD5E2-5FDC-4BB1-A629-78A3FBEC70CE}.Debug|x64.ActiveCfg = Debug|Any CPU
		{ECEAD5E2-5FDC-4BB1-A629-78A3FBEC70CE}.Debug|x64.Build.0 = Debug|Any CPU
		{ECEAD5E2-5FDC-4BB1-A629-78A3FBEC70CE}.Debug|x86.ActiveCfg = Debug|Any CPU
		{ECEAD5E2-5FDC-4BB1-A629-78A3FBEC70CE}.Debug|x86.Build.0 = Debug|Any CPU
		{ECEAD5E2-5FDC-4BB1-A629-78A3FBEC70CE}.Release|Any CPU.ActiveCfg = Release|Any CPU
		{ECEAD5E2-5FDC-4BB1-A629-78A3FBEC70CE}.Release|Any CPU.Build.0 = Release|Any CPU
		{ECEAD5E2-5FDC-4BB1-A629-78A3FBEC70CE}.Release|x64.ActiveCfg = Release|Any CPU
		{ECEAD5E2-5FDC-4BB1-A629-78A3FBEC70CE}.Release|x64.Build.0 = Release|Any CPU
		{ECEAD5E2-5FDC-4BB1-A629-78A3FBEC70CE}.Release|x86.ActiveCfg = Release|Any CPU
		{ECEAD5E2-5FDC-4BB1-A629-78A3FBEC70CE}.Release|x86.Build.0 = Release|Any CPU
		{5F21F73B-64F5-4F8A-9133-7EF104AF644C}.Debug|Any CPU.ActiveCfg = Debug|Any CPU
		{5F21F73B-64F5-4F8A-9133-7EF104AF644C}.Debug|Any CPU.Build.0 = Debug|Any CPU
		{5F21F73B-64F5-4F8A-9133-7EF104AF644C}.Debug|x64.ActiveCfg = Debug|Any CPU
		{5F21F73B-64F5-4F8A-9133-7EF104AF644C}.Debug|x64.Build.0 = Debug|Any CPU
		{5F21F73B-64F5-4F8A-9133-7EF104AF644C}.Debug|x86.ActiveCfg = Debug|Any CPU
		{5F21F73B-64F5-4F8A-9133-7EF104AF644C}.Debug|x86.Build.0 = Debug|Any CPU
		{5F21F73B-64F5-4F8A-9133-7EF104AF644C}.Release|Any CPU.ActiveCfg = Release|Any CPU
		{5F21F73B-64F5-4F8A-9133-7EF104AF644C}.Release|Any CPU.Build.0 = Release|Any CPU
		{5F21F73B-64F5-4F8A-9133-7EF104AF644C}.Release|x64.ActiveCfg = Release|Any CPU
		{5F21F73B-64F5-4F8A-9133-7EF104AF644C}.Release|x64.Build.0 = Release|Any CPU
		{5F21F73B-64F5-4F8A-9133-7EF104AF644C}.Release|x86.ActiveCfg = Release|Any CPU
		{5F21F73B-64F5-4F8A-9133-7EF104AF644C}.Release|x86.Build.0 = Release|Any CPU
		{669C28C3-3C9A-4263-8D02-05B93B8AA4F6}.Debug|Any CPU.ActiveCfg = Debug|Any CPU
		{669C28C3-3C9A-4263-8D02-05B93B8AA4F6}.Debug|Any CPU.Build.0 = Debug|Any CPU
		{669C28C3-3C9A-4263-8D02-05B93B8AA4F6}.Debug|x64.ActiveCfg = Debug|Any CPU
		{669C28C3-3C9A-4263-8D02-05B93B8AA4F6}.Debug|x64.Build.0 = Debug|Any CPU
		{669C28C3-3C9A-4263-8D02-05B93B8AA4F6}.Debug|x86.ActiveCfg = Debug|Any CPU
		{669C28C3-3C9A-4263-8D02-05B93B8AA4F6}.Debug|x86.Build.0 = Debug|Any CPU
		{669C28C3-3C9A-4263-8D02-05B93B8AA4F6}.Release|Any CPU.ActiveCfg = Release|Any CPU
		{669C28C3-3C9A-4263-8D02-05B93B8AA4F6}.Release|Any CPU.Build.0 = Release|Any CPU
		{669C28C3-3C9A-4263-8D02-05B93B8AA4F6}.Release|x64.ActiveCfg = Release|Any CPU
		{669C28C3-3C9A-4263-8D02-05B93B8AA4F6}.Release|x64.Build.0 = Release|Any CPU
		{669C28C3-3C9A-4263-8D02-05B93B8AA4F6}.Release|x86.ActiveCfg = Release|Any CPU
		{669C28C3-3C9A-4263-8D02-05B93B8AA4F6}.Release|x86.Build.0 = Release|Any CPU
		{8FFFA3FD-3B93-42EF-BEF7-01A81A5FC589}.Debug|Any CPU.ActiveCfg = Debug|Any CPU
		{8FFFA3FD-3B93-42EF-BEF7-01A81A5FC589}.Debug|Any CPU.Build.0 = Debug|Any CPU
		{8FFFA3FD-3B93-42EF-BEF7-01A81A5FC589}.Debug|x64.ActiveCfg = Debug|Any CPU
		{8FFFA3FD-3B93-42EF-BEF7-01A81A5FC589}.Debug|x64.Build.0 = Debug|Any CPU
		{8FFFA3FD-3B93-42EF-BEF7-01A81A5FC589}.Debug|x86.ActiveCfg = Debug|Any CPU
		{8FFFA3FD-3B93-42EF-BEF7-01A81A5FC589}.Debug|x86.Build.0 = Debug|Any CPU
		{8FFFA3FD-3B93-42EF-BEF7-01A81A5FC589}.Release|Any CPU.ActiveCfg = Release|Any CPU
		{8FFFA3FD-3B93-42EF-BEF7-01A81A5FC589}.Release|Any CPU.Build.0 = Release|Any CPU
		{8FFFA3FD-3B93-42EF-BEF7-01A81A5FC589}.Release|x64.ActiveCfg = Release|Any CPU
		{8FFFA3FD-3B93-42EF-BEF7-01A81A5FC589}.Release|x64.Build.0 = Release|Any CPU
		{8FFFA3FD-3B93-42EF-BEF7-01A81A5FC589}.Release|x86.ActiveCfg = Release|Any CPU
		{8FFFA3FD-3B93-42EF-BEF7-01A81A5FC589}.Release|x86.Build.0 = Release|Any CPU
		{A64DFD4C-124C-4AFB-978F-D43C48A11C14}.Debug|Any CPU.ActiveCfg = Debug|Any CPU
		{A64DFD4C-124C-4AFB-978F-D43C48A11C14}.Debug|Any CPU.Build.0 = Debug|Any CPU
		{A64DFD4C-124C-4AFB-978F-D43C48A11C14}.Debug|x64.ActiveCfg = Debug|Any CPU
		{A64DFD4C-124C-4AFB-978F-D43C48A11C14}.Debug|x64.Build.0 = Debug|Any CPU
		{A64DFD4C-124C-4AFB-978F-D43C48A11C14}.Debug|x86.ActiveCfg = Debug|Any CPU
		{A64DFD4C-124C-4AFB-978F-D43C48A11C14}.Debug|x86.Build.0 = Debug|Any CPU
		{A64DFD4C-124C-4AFB-978F-D43C48A11C14}.Release|Any CPU.ActiveCfg = Release|Any CPU
		{A64DFD4C-124C-4AFB-978F-D43C48A11C14}.Release|Any CPU.Build.0 = Release|Any CPU
		{A64DFD4C-124C-4AFB-978F-D43C48A11C14}.Release|x64.ActiveCfg = Release|Any CPU
		{A64DFD4C-124C-4AFB-978F-D43C48A11C14}.Release|x64.Build.0 = Release|Any CPU
		{A64DFD4C-124C-4AFB-978F-D43C48A11C14}.Release|x86.ActiveCfg = Release|Any CPU
		{A64DFD4C-124C-4AFB-978F-D43C48A11C14}.Release|x86.Build.0 = Release|Any CPU
		{5F5E8ED9-1E85-42F5-9583-BB89DCA77579}.Debug|Any CPU.ActiveCfg = Debug|Any CPU
		{5F5E8ED9-1E85-42F5-9583-BB89DCA77579}.Debug|Any CPU.Build.0 = Debug|Any CPU
		{5F5E8ED9-1E85-42F5-9583-BB89DCA77579}.Debug|x64.ActiveCfg = Debug|Any CPU
		{5F5E8ED9-1E85-42F5-9583-BB89DCA77579}.Debug|x64.Build.0 = Debug|Any CPU
		{5F5E8ED9-1E85-42F5-9583-BB89DCA77579}.Debug|x86.ActiveCfg = Debug|Any CPU
		{5F5E8ED9-1E85-42F5-9583-BB89DCA77579}.Debug|x86.Build.0 = Debug|Any CPU
		{5F5E8ED9-1E85-42F5-9583-BB89DCA77579}.Release|Any CPU.ActiveCfg = Release|Any CPU
		{5F5E8ED9-1E85-42F5-9583-BB89DCA77579}.Release|Any CPU.Build.0 = Release|Any CPU
		{5F5E8ED9-1E85-42F5-9583-BB89DCA77579}.Release|x64.ActiveCfg = Release|Any CPU
		{5F5E8ED9-1E85-42F5-9583-BB89DCA77579}.Release|x64.Build.0 = Release|Any CPU
		{5F5E8ED9-1E85-42F5-9583-BB89DCA77579}.Release|x86.ActiveCfg = Release|Any CPU
		{5F5E8ED9-1E85-42F5-9583-BB89DCA77579}.Release|x86.Build.0 = Release|Any CPU
		{D657D10D-270C-49EC-A8C1-C00A650EF1EF}.Debug|Any CPU.ActiveCfg = Debug|Any CPU
		{D657D10D-270C-49EC-A8C1-C00A650EF1EF}.Debug|Any CPU.Build.0 = Debug|Any CPU
		{D657D10D-270C-49EC-A8C1-C00A650EF1EF}.Debug|x64.ActiveCfg = Debug|Any CPU
		{D657D10D-270C-49EC-A8C1-C00A650EF1EF}.Debug|x64.Build.0 = Debug|Any CPU
		{D657D10D-270C-49EC-A8C1-C00A650EF1EF}.Debug|x86.ActiveCfg = Debug|Any CPU
		{D657D10D-270C-49EC-A8C1-C00A650EF1EF}.Debug|x86.Build.0 = Debug|Any CPU
		{D657D10D-270C-49EC-A8C1-C00A650EF1EF}.Release|Any CPU.ActiveCfg = Release|Any CPU
		{D657D10D-270C-49EC-A8C1-C00A650EF1EF}.Release|Any CPU.Build.0 = Release|Any CPU
		{D657D10D-270C-49EC-A8C1-C00A650EF1EF}.Release|x64.ActiveCfg = Release|Any CPU
		{D657D10D-270C-49EC-A8C1-C00A650EF1EF}.Release|x64.Build.0 = Release|Any CPU
		{D657D10D-270C-49EC-A8C1-C00A650EF1EF}.Release|x86.ActiveCfg = Release|Any CPU
		{D657D10D-270C-49EC-A8C1-C00A650EF1EF}.Release|x86.Build.0 = Release|Any CPU
		{1B616915-F36D-4D8C-9E48-558E5BDC44F1}.Debug|Any CPU.ActiveCfg = Debug|Any CPU
		{1B616915-F36D-4D8C-9E48-558E5BDC44F1}.Debug|Any CPU.Build.0 = Debug|Any CPU
		{1B616915-F36D-4D8C-9E48-558E5BDC44F1}.Debug|x64.ActiveCfg = Debug|Any CPU
		{1B616915-F36D-4D8C-9E48-558E5BDC44F1}.Debug|x64.Build.0 = Debug|Any CPU
		{1B616915-F36D-4D8C-9E48-558E5BDC44F1}.Debug|x86.ActiveCfg = Debug|Any CPU
		{1B616915-F36D-4D8C-9E48-558E5BDC44F1}.Debug|x86.Build.0 = Debug|Any CPU
		{1B616915-F36D-4D8C-9E48-558E5BDC44F1}.Release|Any CPU.ActiveCfg = Release|Any CPU
		{1B616915-F36D-4D8C-9E48-558E5BDC44F1}.Release|Any CPU.Build.0 = Release|Any CPU
		{1B616915-F36D-4D8C-9E48-558E5BDC44F1}.Release|x64.ActiveCfg = Release|Any CPU
		{1B616915-F36D-4D8C-9E48-558E5BDC44F1}.Release|x64.Build.0 = Release|Any CPU
		{1B616915-F36D-4D8C-9E48-558E5BDC44F1}.Release|x86.ActiveCfg = Release|Any CPU
		{1B616915-F36D-4D8C-9E48-558E5BDC44F1}.Release|x86.Build.0 = Release|Any CPU
		{B59C3A6E-90DE-4EC1-8307-67FF6C6014D8}.Debug|Any CPU.ActiveCfg = Debug|Any CPU
		{B59C3A6E-90DE-4EC1-8307-67FF6C6014D8}.Debug|Any CPU.Build.0 = Debug|Any CPU
		{B59C3A6E-90DE-4EC1-8307-67FF6C6014D8}.Debug|x64.ActiveCfg = Debug|Any CPU
		{B59C3A6E-90DE-4EC1-8307-67FF6C6014D8}.Debug|x64.Build.0 = Debug|Any CPU
		{B59C3A6E-90DE-4EC1-8307-67FF6C6014D8}.Debug|x86.ActiveCfg = Debug|Any CPU
		{B59C3A6E-90DE-4EC1-8307-67FF6C6014D8}.Debug|x86.Build.0 = Debug|Any CPU
		{B59C3A6E-90DE-4EC1-8307-67FF6C6014D8}.Release|Any CPU.ActiveCfg = Release|Any CPU
		{B59C3A6E-90DE-4EC1-8307-67FF6C6014D8}.Release|Any CPU.Build.0 = Release|Any CPU
		{B59C3A6E-90DE-4EC1-8307-67FF6C6014D8}.Release|x64.ActiveCfg = Release|Any CPU
		{B59C3A6E-90DE-4EC1-8307-67FF6C6014D8}.Release|x64.Build.0 = Release|Any CPU
		{B59C3A6E-90DE-4EC1-8307-67FF6C6014D8}.Release|x86.ActiveCfg = Release|Any CPU
		{B59C3A6E-90DE-4EC1-8307-67FF6C6014D8}.Release|x86.Build.0 = Release|Any CPU
		{0250288A-02F0-4754-80FB-699AF9996240}.Debug|Any CPU.ActiveCfg = Debug|Any CPU
		{0250288A-02F0-4754-80FB-699AF9996240}.Debug|Any CPU.Build.0 = Debug|Any CPU
		{0250288A-02F0-4754-80FB-699AF9996240}.Debug|x64.ActiveCfg = Debug|Any CPU
		{0250288A-02F0-4754-80FB-699AF9996240}.Debug|x64.Build.0 = Debug|Any CPU
		{0250288A-02F0-4754-80FB-699AF9996240}.Debug|x86.ActiveCfg = Debug|Any CPU
		{0250288A-02F0-4754-80FB-699AF9996240}.Debug|x86.Build.0 = Debug|Any CPU
		{0250288A-02F0-4754-80FB-699AF9996240}.Release|Any CPU.ActiveCfg = Release|Any CPU
		{0250288A-02F0-4754-80FB-699AF9996240}.Release|Any CPU.Build.0 = Release|Any CPU
		{0250288A-02F0-4754-80FB-699AF9996240}.Release|x64.ActiveCfg = Release|Any CPU
		{0250288A-02F0-4754-80FB-699AF9996240}.Release|x64.Build.0 = Release|Any CPU
		{0250288A-02F0-4754-80FB-699AF9996240}.Release|x86.ActiveCfg = Release|Any CPU
		{0250288A-02F0-4754-80FB-699AF9996240}.Release|x86.Build.0 = Release|Any CPU
		{E872F769-BF51-4FB6-96BD-A7024F27BB37}.Debug|Any CPU.ActiveCfg = Debug|Any CPU
		{E872F769-BF51-4FB6-96BD-A7024F27BB37}.Debug|Any CPU.Build.0 = Debug|Any CPU
		{E872F769-BF51-4FB6-96BD-A7024F27BB37}.Debug|x64.ActiveCfg = Debug|Any CPU
		{E872F769-BF51-4FB6-96BD-A7024F27BB37}.Debug|x64.Build.0 = Debug|Any CPU
		{E872F769-BF51-4FB6-96BD-A7024F27BB37}.Debug|x86.ActiveCfg = Debug|Any CPU
		{E872F769-BF51-4FB6-96BD-A7024F27BB37}.Debug|x86.Build.0 = Debug|Any CPU
		{E872F769-BF51-4FB6-96BD-A7024F27BB37}.Release|Any CPU.ActiveCfg = Release|Any CPU
		{E872F769-BF51-4FB6-96BD-A7024F27BB37}.Release|Any CPU.Build.0 = Release|Any CPU
		{E872F769-BF51-4FB6-96BD-A7024F27BB37}.Release|x64.ActiveCfg = Release|Any CPU
		{E872F769-BF51-4FB6-96BD-A7024F27BB37}.Release|x64.Build.0 = Release|Any CPU
		{E872F769-BF51-4FB6-96BD-A7024F27BB37}.Release|x86.ActiveCfg = Release|Any CPU
		{E872F769-BF51-4FB6-96BD-A7024F27BB37}.Release|x86.Build.0 = Release|Any CPU
	EndGlobalSection
	GlobalSection(SolutionProperties) = preSolution
		HideSolutionNode = FALSE
	EndGlobalSection
	GlobalSection(NestedProjects) = preSolution
		{4446B705-DA93-4237-837F-A23DAF987CDB} = {9FA854D2-3D22-434E-897A-B709354DF83C}
		{B7C1A1CB-2AC7-4CE4-BF65-77CFF5C313E7} = {9FA854D2-3D22-434E-897A-B709354DF83C}
		{14805A54-0FF1-4F9E-BD22-BD3933F40DC8} = {B7C1A1CB-2AC7-4CE4-BF65-77CFF5C313E7}
		{6BE02112-E0E6-4278-8F5B-7DEF803BB385} = {14805A54-0FF1-4F9E-BD22-BD3933F40DC8}
		{0AFB3063-5198-43DC-A1BA-614D5168240A} = {B7C1A1CB-2AC7-4CE4-BF65-77CFF5C313E7}
		{ECEAD5E2-5FDC-4BB1-A629-78A3FBEC70CE} = {0AFB3063-5198-43DC-A1BA-614D5168240A}
		{5F21F73B-64F5-4F8A-9133-7EF104AF644C} = {14805A54-0FF1-4F9E-BD22-BD3933F40DC8}
		{669C28C3-3C9A-4263-8D02-05B93B8AA4F6} = {14805A54-0FF1-4F9E-BD22-BD3933F40DC8}
		{8FFFA3FD-3B93-42EF-BEF7-01A81A5FC589} = {14805A54-0FF1-4F9E-BD22-BD3933F40DC8}
		{A64DFD4C-124C-4AFB-978F-D43C48A11C14} = {14805A54-0FF1-4F9E-BD22-BD3933F40DC8}
		{5F5E8ED9-1E85-42F5-9583-BB89DCA77579} = {14805A54-0FF1-4F9E-BD22-BD3933F40DC8}
		{D657D10D-270C-49EC-A8C1-C00A650EF1EF} = {0AFB3063-5198-43DC-A1BA-614D5168240A}
		{1B616915-F36D-4D8C-9E48-558E5BDC44F1} = {0AFB3063-5198-43DC-A1BA-614D5168240A}
		{B59C3A6E-90DE-4EC1-8307-67FF6C6014D8} = {0AFB3063-5198-43DC-A1BA-614D5168240A}
		{0250288A-02F0-4754-80FB-699AF9996240} = {0AFB3063-5198-43DC-A1BA-614D5168240A}
		{E872F769-BF51-4FB6-96BD-A7024F27BB37} = {0AFB3063-5198-43DC-A1BA-614D5168240A}
	EndGlobalSection
	GlobalSection(ExtensibilityGlobals) = postSolution
		SolutionGuid = {28D0651A-775D-4CFB-ADA4-55A02135D017}
	EndGlobalSection
EndGlobal
